
Microsoft Visual Studio Solution File, Format Version 12.00
# Visual Studio Version 16
VisualStudioVersion = 16.0.29319.158
MinimumVisualStudioVersion = 10.0.40219.1
Project("{FAE04EC0-301F-11D3-BF4B-00C04F79EFBC}") = "SmartPlantsMvc", "SmartPlantsMvc\SmartPlantsMvc.csproj", "{8F1A3541-10B6-41A6-8125-9EF9225D0962}"
EndProject
Global
	GlobalSection(SolutionConfigurationPlatforms) = preSolution
		Debug|Any CPU = Debug|Any CPU
		Release|Any CPU = Release|Any CPU
	EndGlobalSection
	GlobalSection(ProjectConfigurationPlatforms) = postSolution
		{8F1A3541-10B6-41A6-8125-9EF9225D0962}.Debug|Any CPU.ActiveCfg = Debug|Any CPU
		{8F1A3541-10B6-41A6-8125-9EF9225D0962}.Debug|Any CPU.Build.0 = Debug|Any CPU
		{8F1A3541-10B6-41A6-8125-9EF9225D0962}.Release|Any CPU.ActiveCfg = Release|Any CPU
		{8F1A3541-10B6-41A6-8125-9EF9225D0962}.Release|Any CPU.Build.0 = Release|Any CPU
	EndGlobalSection
	GlobalSection(SolutionProperties) = preSolution
		HideSolutionNode = FALSE
	EndGlobalSection
	GlobalSection(ExtensibilityGlobals) = postSolution
		SolutionGuid = {35D945DC-6BA2-42D9-8AB7-29A709DFB0D0}
	EndGlobalSection
EndGlobal
