
Microsoft Visual Studio Solution File, Format Version 12.00
# Visual Studio Version 16
VisualStudioVersion = 16.0.29319.158
MinimumVisualStudioVersion = 10.0.40219.1
Project("{9A19103F-16F7-4668-BE54-9A1E7A4F7556}") = "SmartPlants.WebClient", "SmartPlants.WebClient\SmartPlants.WebClient.csproj", "{C6505EBF-A5CB-4B6A-9309-14A1373B3E99}"
EndProject
Project("{9A19103F-16F7-4668-BE54-9A1E7A4F7556}") = "SmartPlantsMvc", "SmartPlantsMvc\SmartPlantsMvc.csproj", "{39F995C1-E5C5-4BB7-A5A8-30FC517D5BC2}"
EndProject
Project("{FAE04EC0-301F-11D3-BF4B-00C04F79EFBC}") = "SmartPlants.Models", "SmartPlants.Models\SmartPlants.Models.csproj", "{539BB7B1-F205-41CC-A8DB-8B2995BE407E}"
EndProject
Global
	GlobalSection(SolutionConfigurationPlatforms) = preSolution
		Debug|Any CPU = Debug|Any CPU
		Release|Any CPU = Release|Any CPU
	EndGlobalSection
	GlobalSection(ProjectConfigurationPlatforms) = postSolution
		{C6505EBF-A5CB-4B6A-9309-14A1373B3E99}.Debug|Any CPU.ActiveCfg = Debug|Any CPU
		{C6505EBF-A5CB-4B6A-9309-14A1373B3E99}.Debug|Any CPU.Build.0 = Debug|Any CPU
		{C6505EBF-A5CB-4B6A-9309-14A1373B3E99}.Release|Any CPU.ActiveCfg = Release|Any CPU
		{C6505EBF-A5CB-4B6A-9309-14A1373B3E99}.Release|Any CPU.Build.0 = Release|Any CPU
		{39F995C1-E5C5-4BB7-A5A8-30FC517D5BC2}.Debug|Any CPU.ActiveCfg = Debug|Any CPU
		{39F995C1-E5C5-4BB7-A5A8-30FC517D5BC2}.Debug|Any CPU.Build.0 = Debug|Any CPU
		{39F995C1-E5C5-4BB7-A5A8-30FC517D5BC2}.Release|Any CPU.ActiveCfg = Release|Any CPU
		{39F995C1-E5C5-4BB7-A5A8-30FC517D5BC2}.Release|Any CPU.Build.0 = Release|Any CPU
		{539BB7B1-F205-41CC-A8DB-8B2995BE407E}.Debug|Any CPU.ActiveCfg = Debug|Any CPU
		{539BB7B1-F205-41CC-A8DB-8B2995BE407E}.Debug|Any CPU.Build.0 = Debug|Any CPU
		{539BB7B1-F205-41CC-A8DB-8B2995BE407E}.Release|Any CPU.ActiveCfg = Release|Any CPU
		{539BB7B1-F205-41CC-A8DB-8B2995BE407E}.Release|Any CPU.Build.0 = Release|Any CPU
	EndGlobalSection
	GlobalSection(SolutionProperties) = preSolution
		HideSolutionNode = FALSE
	EndGlobalSection
	GlobalSection(ExtensibilityGlobals) = postSolution
		SolutionGuid = {35D945DC-6BA2-42D9-8AB7-29A709DFB0D0}
	EndGlobalSection
EndGlobal
